
Microsoft Visual Studio Solution File, Format Version 12.00
# Visual Studio Version 17
VisualStudioVersion = 17.5.002.0
MinimumVisualStudioVersion = 10.0.40219.1
Project("{9A19103F-16F7-4668-BE54-9A1E7A4F7556}") = "moment 3", "moment 3.csproj", "{63400AFD-3685-4862-8025-30FB4077F2FB}"
EndProject
Global
	GlobalSection(SolutionConfigurationPlatforms) = preSolution
		Debug|Any CPU = Debug|Any CPU
		Release|Any CPU = Release|Any CPU
	EndGlobalSection
	GlobalSection(ProjectConfigurationPlatforms) = postSolution
		{63400AFD-3685-4862-8025-30FB4077F2FB}.Debug|Any CPU.ActiveCfg = Debug|Any CPU
		{63400AFD-3685-4862-8025-30FB4077F2FB}.Debug|Any CPU.Build.0 = Debug|Any CPU
		{63400AFD-3685-4862-8025-30FB4077F2FB}.Release|Any CPU.ActiveCfg = Release|Any CPU
		{63400AFD-3685-4862-8025-30FB4077F2FB}.Release|Any CPU.Build.0 = Release|Any CPU
	EndGlobalSection
	GlobalSection(SolutionProperties) = preSolution
		HideSolutionNode = FALSE
	EndGlobalSection
	GlobalSection(ExtensibilityGlobals) = postSolution
		SolutionGuid = {746E9B5D-50F2-482D-8FBA-3120F18D1E56}
	EndGlobalSection
EndGlobal
